// !$*UTF8*$!
{
	archiveVersion = 1;
	classes = {
	};
	objectVersion = 46;
	objects = {

/* Begin PBXBuildFile section */
		1F8E0DBD1E87639400454D99 /* AppDelegate.swift in Sources */ = {isa = PBXBuildFile; fileRef = 1F8E0DBC1E87639400454D99 /* AppDelegate.swift */; };
		1F8E0DBF1E87639400454D99 /* ViewController.swift in Sources */ = {isa = PBXBuildFile; fileRef = 1F8E0DBE1E87639400454D99 /* ViewController.swift */; };
		1F8E0DC21E87639400454D99 /* Main.storyboard in Resources */ = {isa = PBXBuildFile; fileRef = 1F8E0DC01E87639400454D99 /* Main.storyboard */; };
		1F8E0DC41E87639400454D99 /* Assets.xcassets in Resources */ = {isa = PBXBuildFile; fileRef = 1F8E0DC31E87639400454D99 /* Assets.xcassets */; };
		1F8E0DC71E87639400454D99 /* LaunchScreen.storyboard in Resources */ = {isa = PBXBuildFile; fileRef = 1F8E0DC51E87639400454D99 /* LaunchScreen.storyboard */; };
		1F8E0DCF1E876ADA00454D99 /* GoogleService-Info.plist in Resources */ = {isa = PBXBuildFile; fileRef = 1F8E0DCE1E876ADA00454D99 /* GoogleService-Info.plist */; };
		DDAA12298B7F23DA0E43DC76 /* Pods_LetsChat.framework in Frameworks */ = {isa = PBXBuildFile; fileRef = 86CED0274DF91430231B96A9 /* Pods_LetsChat.framework */; };
/* End PBXBuildFile section */

/* Begin PBXFileReference section */
		1F4175699370B57981A4D463 /* Pods-LetsChat.debug.xcconfig */ = {isa = PBXFileReference; includeInIndex = 1; lastKnownFileType = text.xcconfig; name = "Pods-LetsChat.debug.xcconfig"; path = "Pods/Target Support Files/Pods-LetsChat/Pods-LetsChat.debug.xcconfig"; sourceTree = "<group>"; };
		1F8E0DB91E87639400454D99 /* LetsChat.app */ = {isa = PBXFileReference; explicitFileType = wrapper.application; includeInIndex = 0; path = LetsChat.app; sourceTree = BUILT_PRODUCTS_DIR; };
		1F8E0DBC1E87639400454D99 /* AppDelegate.swift */ = {isa = PBXFileReference; lastKnownFileType = sourcecode.swift; path = AppDelegate.swift; sourceTree = "<group>"; };
		1F8E0DBE1E87639400454D99 /* ViewController.swift */ = {isa = PBXFileReference; lastKnownFileType = sourcecode.swift; path = ViewController.swift; sourceTree = "<group>"; };
		1F8E0DC11E87639400454D99 /* Base */ = {isa = PBXFileReference; lastKnownFileType = file.storyboard; name = Base; path = Base.lproj/Main.storyboard; sourceTree = "<group>"; };
		1F8E0DC31E87639400454D99 /* Assets.xcassets */ = {isa = PBXFileReference; lastKnownFileType = folder.assetcatalog; path = Assets.xcassets; sourceTree = "<group>"; };
		1F8E0DC61E87639400454D99 /* Base */ = {isa = PBXFileReference; lastKnownFileType = file.storyboard; name = Base; path = Base.lproj/LaunchScreen.storyboard; sourceTree = "<group>"; };
		1F8E0DC81E87639400454D99 /* Info.plist */ = {isa = PBXFileReference; lastKnownFileType = text.plist.xml; path = Info.plist; sourceTree = "<group>"; };
		1F8E0DCE1E876ADA00454D99 /* GoogleService-Info.plist */ = {isa = PBXFileReference; fileEncoding = 4; lastKnownFileType = text.plist.xml; path = "GoogleService-Info.plist"; sourceTree = "<group>"; };
		86CED0274DF91430231B96A9 /* Pods_LetsChat.framework */ = {isa = PBXFileReference; explicitFileType = wrapper.framework; includeInIndex = 0; path = Pods_LetsChat.framework; sourceTree = BUILT_PRODUCTS_DIR; };
		DF864216D08E097A8865ED93 /* Pods-LetsChat.release.xcconfig */ = {isa = PBXFileReference; includeInIndex = 1; lastKnownFileType = text.xcconfig; name = "Pods-LetsChat.release.xcconfig"; path = "Pods/Target Support Files/Pods-LetsChat/Pods-LetsChat.release.xcconfig"; sourceTree = "<group>"; };
/* End PBXFileReference section */

/* Begin PBXFrameworksBuildPhase section */
		1F8E0DB61E87639400454D99 /* Frameworks */ = {
			isa = PBXFrameworksBuildPhase;
			buildActionMask = 2147483647;
			files = (
				DDAA12298B7F23DA0E43DC76 /* Pods_LetsChat.framework in Frameworks */,
			);
			runOnlyForDeploymentPostprocessing = 0;
		};
/* End PBXFrameworksBuildPhase section */

/* Begin PBXGroup section */
		151FCC6F85421DCA4EE5AE54 /* Pods */ = {
			isa = PBXGroup;
			children = (
				1F4175699370B57981A4D463 /* Pods-LetsChat.debug.xcconfig */,
				DF864216D08E097A8865ED93 /* Pods-LetsChat.release.xcconfig */,
			);
			name = Pods;
			sourceTree = "<group>";
		};
		15B94DA59CC3CA6B4E9E7ABE /* Frameworks */ = {
			isa = PBXGroup;
			children = (
				86CED0274DF91430231B96A9 /* Pods_LetsChat.framework */,
			);
			name = Frameworks;
			sourceTree = "<group>";
		};
		1F8E0DB01E87639300454D99 = {
			isa = PBXGroup;
			children = (
				1F8E0DBB1E87639400454D99 /* LetsChat */,
				1F8E0DBA1E87639400454D99 /* Products */,
				151FCC6F85421DCA4EE5AE54 /* Pods */,
				15B94DA59CC3CA6B4E9E7ABE /* Frameworks */,
			);
			sourceTree = "<group>";
		};
		1F8E0DBA1E87639400454D99 /* Products */ = {
			isa = PBXGroup;
			children = (
				1F8E0DB91E87639400454D99 /* LetsChat.app */,
			);
			name = Products;
			sourceTree = "<group>";
		};
		1F8E0DBB1E87639400454D99 /* LetsChat */ = {
			isa = PBXGroup;
			children = (
				1F8E0DBC1E87639400454D99 /* AppDelegate.swift */,
				1F8E0DBE1E87639400454D99 /* ViewController.swift */,
				1F8E0DC01E87639400454D99 /* Main.storyboard */,
				1F8E0DC31E87639400454D99 /* Assets.xcassets */,
				1F8E0DC51E87639400454D99 /* LaunchScreen.storyboard */,
				1F8E0DC81E87639400454D99 /* Info.plist */,
				1F8E0DCE1E876ADA00454D99 /* GoogleService-Info.plist */,
			);
			path = LetsChat;
			sourceTree = "<group>";
		};
/* End PBXGroup section */

/* Begin PBXNativeTarget section */
		1F8E0DB81E87639400454D99 /* LetsChat */ = {
			isa = PBXNativeTarget;
			buildConfigurationList = 1F8E0DCB1E87639400454D99 /* Build configuration list for PBXNativeTarget "LetsChat" */;
			buildPhases = (
				10FB50F1EE648702317B4B88 /* [CP] Check Pods Manifest.lock */,
				1F8E0DB51E87639400454D99 /* Sources */,
				1F8E0DB61E87639400454D99 /* Frameworks */,
				1F8E0DB71E87639400454D99 /* Resources */,
				BC261BC6E59C613A1A7897A3 /* [CP] Embed Pods Frameworks */,
				822D9805F5F60717FC92C202 /* [CP] Copy Pods Resources */,
			);
			buildRules = (
			);
			dependencies = (
			);
			name = LetsChat;
			productName = LetsChat;
			productReference = 1F8E0DB91E87639400454D99 /* LetsChat.app */;
			productType = "com.apple.product-type.application";
		};
/* End PBXNativeTarget section */

/* Begin PBXProject section */
		1F8E0DB11E87639300454D99 /* Project object */ = {
			isa = PBXProject;
			attributes = {
				LastSwiftUpdateCheck = 0820;
				LastUpgradeCheck = 0820;
				ORGANIZATIONNAME = "Jack Lai";
				TargetAttributes = {
					1F8E0DB81E87639400454D99 = {
						CreatedOnToolsVersion = 8.2.1;
						DevelopmentTeam = Y7F7773397;
						ProvisioningStyle = Automatic;
					};
				};
			};
			buildConfigurationList = 1F8E0DB41E87639300454D99 /* Build configuration list for PBXProject "LetsChat" */;
			compatibilityVersion = "Xcode 3.2";
			developmentRegion = English;
			hasScannedForEncodings = 0;
			knownRegions = (
				en,
				Base,
			);
			mainGroup = 1F8E0DB01E87639300454D99;
			productRefGroup = 1F8E0DBA1E87639400454D99 /* Products */;
			projectDirPath = "";
			projectRoot = "";
			targets = (
				1F8E0DB81E87639400454D99 /* LetsChat */,
			);
		};
/* End PBXProject section */

/* Begin PBXResourcesBuildPhase section */
		1F8E0DB71E87639400454D99 /* Resources */ = {
			isa = PBXResourcesBuildPhase;
			buildActionMask = 2147483647;
			files = (
				1F8E0DC71E87639400454D99 /* LaunchScreen.storyboard in Resources */,
				1F8E0DCF1E876ADA00454D99 /* GoogleService-Info.plist in Resources */,
				1F8E0DC41E87639400454D99 /* Assets.xcassets in Resources */,
				1F8E0DC21E87639400454D99 /* Main.storyboard in Resources */,
			);
			runOnlyForDeploymentPostprocessing = 0;
		};
/* End PBXResourcesBuildPhase section */

/* Begin PBXShellScriptBuildPhase section */
		10FB50F1EE648702317B4B88 /* [CP] Check Pods Manifest.lock */ = {
			isa = PBXShellScriptBuildPhase;
			buildActionMask = 2147483647;
			files = (
			);
			inputPaths = (
			);
			name = "[CP] Check Pods Manifest.lock";
			outputPaths = (
			);
			runOnlyForDeploymentPostprocessing = 0;
			shellPath = /bin/sh;
			shellScript = "diff \"${PODS_ROOT}/../Podfile.lock\" \"${PODS_ROOT}/Manifest.lock\" > /dev/null\nif [ $? != 0 ] ; then\n    # print error to STDERR\n    echo \"error: The sandbox is not in sync with the Podfile.lock. Run 'pod install' or update your CocoaPods installation.\" >&2\n    exit 1\nfi\n";
			showEnvVarsInLog = 0;
		};
		822D9805F5F60717FC92C202 /* [CP] Copy Pods Resources */ = {
			isa = PBXShellScriptBuildPhase;
			buildActionMask = 2147483647;
			files = (
			);
			inputPaths = (
			);
			name = "[CP] Copy Pods Resources";
			outputPaths = (
			);
			runOnlyForDeploymentPostprocessing = 0;
			shellPath = /bin/sh;
			shellScript = "\"${SRCROOT}/Pods/Target Support Files/Pods-LetsChat/Pods-LetsChat-resources.sh\"\n";
			showEnvVarsInLog = 0;
		};
		BC261BC6E59C613A1A7897A3 /* [CP] Embed Pods Frameworks */ = {
			isa = PBXShellScriptBuildPhase;
			buildActionMask = 2147483647;
			files = (
			);
			inputPaths = (
			);
			name = "[CP] Embed Pods Frameworks";
			outputPaths = (
			);
			runOnlyForDeploymentPostprocessing = 0;
			shellPath = /bin/sh;
			shellScript = "\"${SRCROOT}/Pods/Target Support Files/Pods-LetsChat/Pods-LetsChat-frameworks.sh\"\n";
			showEnvVarsInLog = 0;
		};
/* End PBXShellScriptBuildPhase section */

/* Begin PBXSourcesBuildPhase section */
		1F8E0DB51E87639400454D99 /* Sources */ = {
			isa = PBXSourcesBuildPhase;
			buildActionMask = 2147483647;
			files = (
				1F8E0DBF1E87639400454D99 /* ViewController.swift in Sources */,
				1F8E0DBD1E87639400454D99 /* AppDelegate.swift in Sources */,
			);
			runOnlyForDeploymentPostprocessing = 0;
		};
/* End PBXSourcesBuildPhase section */

/* Begin PBXVariantGroup section */
		1F8E0DC01E87639400454D99 /* Main.storyboard */ = {
			isa = PBXVariantGroup;
			children = (
				1F8E0DC11E87639400454D99 /* Base */,
			);
			name = Main.storyboard;
			sourceTree = "<group>";
		};
		1F8E0DC51E87639400454D99 /* LaunchScreen.storyboard */ = {
			isa = PBXVariantGroup;
			children = (
				1F8E0DC61E87639400454D99 /* Base */,
			);
			name = LaunchScreen.storyboard;
			sourceTree = "<group>";
		};
/* End PBXVariantGroup section */

/* Begin XCBuildConfiguration section */
		1F8E0DC91E87639400454D99 /* Debug */ = {
			isa = XCBuildConfiguration;
			buildSettings = {
				ALWAYS_SEARCH_USER_PATHS = NO;
				CLANG_ANALYZER_NONNULL = YES;
				CLANG_CXX_LANGUAGE_STANDARD = "gnu++0x";
				CLANG_CXX_LIBRARY = "libc++";
				CLANG_ENABLE_MODULES = YES;
				CLANG_ENABLE_OBJC_ARC = YES;
				CLANG_WARN_BOOL_CONVERSION = YES;
				CLANG_WARN_CONSTANT_CONVERSION = YES;
				CLANG_WARN_DIRECT_OBJC_ISA_USAGE = YES_ERROR;
				CLANG_WARN_DOCUMENTATION_COMMENTS = YES;
				CLANG_WARN_EMPTY_BODY = YES;
				CLANG_WARN_ENUM_CONVERSION = YES;
				CLANG_WARN_INFINITE_RECURSION = YES;
				CLANG_WARN_INT_CONVERSION = YES;
				CLANG_WARN_OBJC_ROOT_CLASS = YES_ERROR;
				CLANG_WARN_SUSPICIOUS_MOVE = YES;
				CLANG_WARN_UNREACHABLE_CODE = YES;
				CLANG_WARN__DUPLICATE_METHOD_MATCH = YES;
				"CODE_SIGN_IDENTITY[sdk=iphoneos*]" = "iPhone Developer";
				COPY_PHASE_STRIP = NO;
				DEBUG_INFORMATION_FORMAT = dwarf;
				ENABLE_BITCODE = YES;
				ENABLE_STRICT_OBJC_MSGSEND = YES;
				ENABLE_TESTABILITY = YES;
				GCC_C_LANGUAGE_STANDARD = gnu99;
				GCC_DYNAMIC_NO_PIC = NO;
				GCC_NO_COMMON_BLOCKS = YES;
				GCC_OPTIMIZATION_LEVEL = 0;
				GCC_PREPROCESSOR_DEFINITIONS = (
					"DEBUG=1",
					"$(inherited)",
				);
				GCC_WARN_64_TO_32_BIT_CONVERSION = YES;
				GCC_WARN_ABOUT_RETURN_TYPE = YES_ERROR;
				GCC_WARN_UNDECLARED_SELECTOR = YES;
				GCC_WARN_UNINITIALIZED_AUTOS = YES_AGGRESSIVE;
				GCC_WARN_UNUSED_FUNCTION = YES;
				GCC_WARN_UNUSED_VARIABLE = YES;
				IPHONEOS_DEPLOYMENT_TARGET = 10.2;
				MTL_ENABLE_DEBUG_INFO = YES;
				ONLY_ACTIVE_ARCH = YES;
				SDKROOT = iphoneos;
				SWIFT_ACTIVE_COMPILATION_CONDITIONS = DEBUG;
				SWIFT_OPTIMIZATION_LEVEL = "-Onone";
			};
			name = Debug;
		};
		1F8E0DCA1E87639400454D99 /* Release */ = {
			isa = XCBuildConfiguration;
			buildSettings = {
				ALWAYS_SEARCH_USER_PATHS = NO;
				CLANG_ANALYZER_NONNULL = YES;
				CLANG_CXX_LANGUAGE_STANDARD = "gnu++0x";
				CLANG_CXX_LIBRARY = "libc++";
				CLANG_ENABLE_MODULES = YES;
				CLANG_ENABLE_OBJC_ARC = YES;
				CLANG_WARN_BOOL_CONVERSION = YES;
				CLANG_WARN_CONSTANT_CONVERSION = YES;
				CLANG_WARN_DIRECT_OBJC_ISA_USAGE = YES_ERROR;
				CLANG_WARN_DOCUMENTATION_COMMENTS = YES;
				CLANG_WARN_EMPTY_BODY = YES;
				CLANG_WARN_ENUM_CONVERSION = YES;
				CLANG_WARN_INFINITE_RECURSION = YES;
				CLANG_WARN_INT_CONVERSION = YES;
				CLANG_WARN_OBJC_ROOT_CLASS = YES_ERROR;
				CLANG_WARN_SUSPICIOUS_MOVE = YES;
				CLANG_WARN_UNREACHABLE_CODE = YES;
				CLANG_WARN__DUPLICATE_METHOD_MATCH = YES;
				"CODE_SIGN_IDENTITY[sdk=iphoneos*]" = "iPhone Developer";
				COPY_PHASE_STRIP = NO;
				DEBUG_INFORMATION_FORMAT = "dwarf-with-dsym";
				ENABLE_BITCODE = YES;
				ENABLE_NS_ASSERTIONS = NO;
				ENABLE_STRICT_OBJC_MSGSEND = YES;
				GCC_C_LANGUAGE_STANDARD = gnu99;
				GCC_NO_COMMON_BLOCKS = YES;
				GCC_WARN_64_TO_32_BIT_CONVERSION = YES;
				GCC_WARN_ABOUT_RETURN_TYPE = YES_ERROR;
				GCC_WARN_UNDECLARED_SELECTOR = YES;
				GCC_WARN_UNINITIALIZED_AUTOS = YES_AGGRESSIVE;
				GCC_WARN_UNUSED_FUNCTION = YES;
				GCC_WARN_UNUSED_VARIABLE = YES;
				IPHONEOS_DEPLOYMENT_TARGET = 10.2;
				MTL_ENABLE_DEBUG_INFO = NO;
				SDKROOT = iphoneos;
				SWIFT_OPTIMIZATION_LEVEL = "-Owholemodule";
				VALIDATE_PRODUCT = YES;
			};
			name = Release;
		};
		1F8E0DCC1E87639400454D99 /* Debug */ = {
			isa = XCBuildConfiguration;
			baseConfigurationReference = 1F4175699370B57981A4D463 /* Pods-LetsChat.debug.xcconfig */;
			buildSettings = {
				ASSETCATALOG_COMPILER_APPICON_NAME = AppIcon;
				DEVELOPMENT_TEAM = Y7F7773397;
				INFOPLIST_FILE = LetsChat/Info.plist;
				IPHONEOS_DEPLOYMENT_TARGET = 9.3;
				LD_RUNPATH_SEARCH_PATHS = "$(inherited) @executable_path/Frameworks";
				PRODUCT_BUNDLE_IDENTIFIER = LetsChat.LetsChat;
				PRODUCT_NAME = "$(TARGET_NAME)";
				SWIFT_VERSION = 3.0;
			};
			name = Debug;
		};
		1F8E0DCD1E87639400454D99 /* Release */ = {
			isa = XCBuildConfiguration;
			baseConfigurationReference = DF864216D08E097A8865ED93 /* Pods-LetsChat.release.xcconfig */;
			buildSettings = {
				ASSETCATALOG_COMPILER_APPICON_NAME = AppIcon;
				DEVELOPMENT_TEAM = Y7F7773397;
				INFOPLIST_FILE = LetsChat/Info.plist;
				IPHONEOS_DEPLOYMENT_TARGET = 9.3;
				LD_RUNPATH_SEARCH_PATHS = "$(inherited) @executable_path/Frameworks";
				PRODUCT_BUNDLE_IDENTIFIER = LetsChat.LetsChat;
				PRODUCT_NAME = "$(TARGET_NAME)";
				SWIFT_VERSION = 3.0;
			};
			name = Release;
		};
/* End XCBuildConfiguration section */

/* Begin XCConfigurationList section */
		1F8E0DB41E87639300454D99 /* Build configuration list for PBXProject "LetsChat" */ = {
			isa = XCConfigurationList;
			buildConfigurations = (
				1F8E0DC91E87639400454D99 /* Debug */,
				1F8E0DCA1E87639400454D99 /* Release */,
			);
			defaultConfigurationIsVisible = 0;
			defaultConfigurationName = Release;
		};
		1F8E0DCB1E87639400454D99 /* Build configuration list for PBXNativeTarget "LetsChat" */ = {
			isa = XCConfigurationList;
			buildConfigurations = (
				1F8E0DCC1E87639400454D99 /* Debug */,
				1F8E0DCD1E87639400454D99 /* Release */,
			);
			defaultConfigurationIsVisible = 0;
			defaultConfigurationName = Release;
		};
/* End XCConfigurationList section */
	};
	rootObject = 1F8E0DB11E87639300454D99 /* Project object */;
}
